<Solution>
  <Folder Name="/Testing/">
    <Project Path="Testing/ExternalDefinitions/ExternalDefinitions.csproj" />
    <Project Path="Testing/Tests/Tests.csproj" />
  </Folder>
  <Project Path="CustomAccessibility/CustomAccessibility.csproj" />
  <Project Path="Examples/Examples.csproj" />
</Solution>
